
Microsoft Visual Studio Solution File, Format Version 12.00
# Visual Studio Version 16
VisualStudioVersion = 16.0.31515.178
MinimumVisualStudioVersion = 10.0.40219.1
Project("{9A19103F-16F7-4668-BE54-9A1E7A4F7556}") = "Entities", "Entities\Entities.csproj", "{8A6F6FC9-E27B-4F81-86AB-4AEA0933846F}"
EndProject
Project("{9A19103F-16F7-4668-BE54-9A1E7A4F7556}") = "Business", "Business\Business.csproj", "{B9684B19-4BF8-4B64-9702-25557A23C4BC}"
EndProject
Project("{9A19103F-16F7-4668-BE54-9A1E7A4F7556}") = "DataAccess", "DataAccess\DataAccess.csproj", "{16547E1C-23FA-45F0-9D3B-D83C0F6FB86D}"
EndProject
Project("{FAE04EC0-301F-11D3-BF4B-00C04F79EFBC}") = "ConsoleUI", "ConsoleUI\ConsoleUI.csproj", "{CAAA92CE-7ED3-4EDE-A721-9A26166EE912}"
EndProject
Global
	GlobalSection(SolutionConfigurationPlatforms) = preSolution
		Debug|Any CPU = Debug|Any CPU
		Release|Any CPU = Release|Any CPU
	EndGlobalSection
	GlobalSection(ProjectConfigurationPlatforms) = postSolution
		{8A6F6FC9-E27B-4F81-86AB-4AEA0933846F}.Debug|Any CPU.ActiveCfg = Debug|Any CPU
		{8A6F6FC9-E27B-4F81-86AB-4AEA0933846F}.Debug|Any CPU.Build.0 = Debug|Any CPU
		{8A6F6FC9-E27B-4F81-86AB-4AEA0933846F}.Release|Any CPU.ActiveCfg = Release|Any CPU
		{8A6F6FC9-E27B-4F81-86AB-4AEA0933846F}.Release|Any CPU.Build.0 = Release|Any CPU
		{B9684B19-4BF8-4B64-9702-25557A23C4BC}.Debug|Any CPU.ActiveCfg = Debug|Any CPU
		{B9684B19-4BF8-4B64-9702-25557A23C4BC}.Debug|Any CPU.Build.0 = Debug|Any CPU
		{B9684B19-4BF8-4B64-9702-25557A23C4BC}.Release|Any CPU.ActiveCfg = Release|Any CPU
		{B9684B19-4BF8-4B64-9702-25557A23C4BC}.Release|Any CPU.Build.0 = Release|Any CPU
		{16547E1C-23FA-45F0-9D3B-D83C0F6FB86D}.Debug|Any CPU.ActiveCfg = Debug|Any CPU
		{16547E1C-23FA-45F0-9D3B-D83C0F6FB86D}.Debug|Any CPU.Build.0 = Debug|Any CPU
		{16547E1C-23FA-45F0-9D3B-D83C0F6FB86D}.Release|Any CPU.ActiveCfg = Release|Any CPU
		{16547E1C-23FA-45F0-9D3B-D83C0F6FB86D}.Release|Any CPU.Build.0 = Release|Any CPU
		{CAAA92CE-7ED3-4EDE-A721-9A26166EE912}.Debug|Any CPU.ActiveCfg = Debug|Any CPU
		{CAAA92CE-7ED3-4EDE-A721-9A26166EE912}.Debug|Any CPU.Build.0 = Debug|Any CPU
		{CAAA92CE-7ED3-4EDE-A721-9A26166EE912}.Release|Any CPU.ActiveCfg = Release|Any CPU
		{CAAA92CE-7ED3-4EDE-A721-9A26166EE912}.Release|Any CPU.Build.0 = Release|Any CPU
	EndGlobalSection
	GlobalSection(SolutionProperties) = preSolution
		HideSolutionNode = FALSE
	EndGlobalSection
	GlobalSection(ExtensibilityGlobals) = postSolution
		SolutionGuid = {4475397F-194B-4276-B3D0-3AD9BA0E194A}
	EndGlobalSection
EndGlobal
