
Microsoft Visual Studio Solution File, Format Version 12.00
# Visual Studio Version 16
VisualStudioVersion = 16.0.31515.178
MinimumVisualStudioVersion = 10.0.40219.1
Project("{FAE04EC0-301F-11D3-BF4B-00C04F79EFBC}") = "DataAccess", "DataAccess\DataAccess.csproj", "{C6C8AD65-90FD-4F5D-9C62-3F76205CC894}"
EndProject
Project("{FAE04EC0-301F-11D3-BF4B-00C04F79EFBC}") = "Business", "Business\Business.csproj", "{3771998F-5F11-42BF-985A-571C7F115E6C}"
EndProject
Project("{FAE04EC0-301F-11D3-BF4B-00C04F79EFBC}") = "Entities", "Entities\Entities.csproj", "{0CD0367C-BEBC-4A6E-90BA-F1422FACBC0F}"
EndProject
Project("{FAE04EC0-301F-11D3-BF4B-00C04F79EFBC}") = "ConsoleUI", "ConsoleUI\ConsoleUI.csproj", "{D6A077D3-DF54-47F7-A8A2-BA6478E68564}"
EndProject
Global
	GlobalSection(SolutionConfigurationPlatforms) = preSolution
		Debug|Any CPU = Debug|Any CPU
		Release|Any CPU = Release|Any CPU
	EndGlobalSection
	GlobalSection(ProjectConfigurationPlatforms) = postSolution
		{C6C8AD65-90FD-4F5D-9C62-3F76205CC894}.Debug|Any CPU.ActiveCfg = Debug|Any CPU
		{C6C8AD65-90FD-4F5D-9C62-3F76205CC894}.Debug|Any CPU.Build.0 = Debug|Any CPU
		{C6C8AD65-90FD-4F5D-9C62-3F76205CC894}.Release|Any CPU.ActiveCfg = Release|Any CPU
		{C6C8AD65-90FD-4F5D-9C62-3F76205CC894}.Release|Any CPU.Build.0 = Release|Any CPU
		{3771998F-5F11-42BF-985A-571C7F115E6C}.Debug|Any CPU.ActiveCfg = Debug|Any CPU
		{3771998F-5F11-42BF-985A-571C7F115E6C}.Debug|Any CPU.Build.0 = Debug|Any CPU
		{3771998F-5F11-42BF-985A-571C7F115E6C}.Release|Any CPU.ActiveCfg = Release|Any CPU
		{3771998F-5F11-42BF-985A-571C7F115E6C}.Release|Any CPU.Build.0 = Release|Any CPU
		{0CD0367C-BEBC-4A6E-90BA-F1422FACBC0F}.Debug|Any CPU.ActiveCfg = Debug|Any CPU
		{0CD0367C-BEBC-4A6E-90BA-F1422FACBC0F}.Debug|Any CPU.Build.0 = Debug|Any CPU
		{0CD0367C-BEBC-4A6E-90BA-F1422FACBC0F}.Release|Any CPU.ActiveCfg = Release|Any CPU
		{0CD0367C-BEBC-4A6E-90BA-F1422FACBC0F}.Release|Any CPU.Build.0 = Release|Any CPU
		{D6A077D3-DF54-47F7-A8A2-BA6478E68564}.Debug|Any CPU.ActiveCfg = Debug|Any CPU
		{D6A077D3-DF54-47F7-A8A2-BA6478E68564}.Debug|Any CPU.Build.0 = Debug|Any CPU
		{D6A077D3-DF54-47F7-A8A2-BA6478E68564}.Release|Any CPU.ActiveCfg = Release|Any CPU
		{D6A077D3-DF54-47F7-A8A2-BA6478E68564}.Release|Any CPU.Build.0 = Release|Any CPU
	EndGlobalSection
	GlobalSection(SolutionProperties) = preSolution
		HideSolutionNode = FALSE
	EndGlobalSection
	GlobalSection(ExtensibilityGlobals) = postSolution
		SolutionGuid = {5AA3C8E6-47EF-40A0-B3A2-49EFCD10E305}
	EndGlobalSection
EndGlobal
